{
  "name": "use-aegis-wbxl2000",
  "version": "1.0.0",
  "lockfileVersion": 2,
  "requires": true,
  "packages": {
    "": {
      "name": "use-aegis-wbxl2000",
      "version": "1.0.0",
      "license": "ISC",
      "dependencies": {
        "aegis-web-sdk": "^1.36.7"
      }
    },
    "node_modules/aegis-web-sdk": {
      "version": "1.36.7",
      "resolved": "https://registry.npmjs.org/aegis-web-sdk/-/aegis-web-sdk-1.36.7.tgz",
      "integrity": "sha512-jQTk7kN96Fku5X+lS8xgfbg0hToDD9ktbilPFjALA/8C7EI0QIugk5csjYDXeSW/SAjxgKsugDKCs0zl/Sz1rg==",
      "dependencies": {
        "web-vitals": "^1.1.2"
      }
    },
    "node_modules/web-vitals": {
      "version": "1.1.2",
      "resolved": "https://registry.npmjs.org/web-vitals/-/web-vitals-1.1.2.tgz",
      "integrity": "sha512-PFMKIY+bRSXlMxVAQ+m2aw9c/ioUYfDgrYot0YUa+/xa0sakubWhSDyxAKwzymvXVdF4CZI71g06W+mqhzu6ig=="
    }
  },
  "dependencies": {
    "aegis-web-sdk": {
      "version": "1.36.7",
      "resolved": "https://registry.npmjs.org/aegis-web-sdk/-/aegis-web-sdk-1.36.7.tgz",
      "integrity": "sha512-jQTk7kN96Fku5X+lS8xgfbg0hToDD9ktbilPFjALA/8C7EI0QIugk5csjYDXeSW/SAjxgKsugDKCs0zl/Sz1rg==",
      "requires": {
        "web-vitals": "^1.1.2"
      }
    },
    "web-vitals": {
      "version": "1.1.2",
      "resolved": "https://registry.npmjs.org/web-vitals/-/web-vitals-1.1.2.tgz",
      "integrity": "sha512-PFMKIY+bRSXlMxVAQ+m2aw9c/ioUYfDgrYot0YUa+/xa0sakubWhSDyxAKwzymvXVdF4CZI71g06W+mqhzu6ig=="
    }
  }
}
